
Microsoft Visual Studio Solution File, Format Version 12.00
# Visual Studio Version 16
VisualStudioVersion = 16.0.30114.105
MinimumVisualStudioVersion = 10.0.40219.1
Project("{FAE04EC0-301F-11D3-BF4B-00C04F79EFBC}") = "Tamagucci", "Tamagucci\Tamagucci.csproj", "{C30B8903-FE69-4A9A-BEDA-8C87CA12C669}"
EndProject
Global
	GlobalSection(SolutionConfigurationPlatforms) = preSolution
		Debug|Any CPU = Debug|Any CPU
		Debug|x64 = Debug|x64
		Debug|x86 = Debug|x86
		Release|Any CPU = Release|Any CPU
		Release|x64 = Release|x64
		Release|x86 = Release|x86
	EndGlobalSection
	GlobalSection(SolutionProperties) = preSolution
		HideSolutionNode = FALSE
	EndGlobalSection
	GlobalSection(ProjectConfigurationPlatforms) = postSolution
		{C30B8903-FE69-4A9A-BEDA-8C87CA12C669}.Debug|Any CPU.ActiveCfg = Debug|Any CPU
		{C30B8903-FE69-4A9A-BEDA-8C87CA12C669}.Debug|Any CPU.Build.0 = Debug|Any CPU
		{C30B8903-FE69-4A9A-BEDA-8C87CA12C669}.Debug|x64.ActiveCfg = Debug|Any CPU
		{C30B8903-FE69-4A9A-BEDA-8C87CA12C669}.Debug|x64.Build.0 = Debug|Any CPU
		{C30B8903-FE69-4A9A-BEDA-8C87CA12C669}.Debug|x86.ActiveCfg = Debug|Any CPU
		{C30B8903-FE69-4A9A-BEDA-8C87CA12C669}.Debug|x86.Build.0 = Debug|Any CPU
		{C30B8903-FE69-4A9A-BEDA-8C87CA12C669}.Release|Any CPU.ActiveCfg = Release|Any CPU
		{C30B8903-FE69-4A9A-BEDA-8C87CA12C669}.Release|Any CPU.Build.0 = Release|Any CPU
		{C30B8903-FE69-4A9A-BEDA-8C87CA12C669}.Release|x64.ActiveCfg = Release|Any CPU
		{C30B8903-FE69-4A9A-BEDA-8C87CA12C669}.Release|x64.Build.0 = Release|Any CPU
		{C30B8903-FE69-4A9A-BEDA-8C87CA12C669}.Release|x86.ActiveCfg = Release|Any CPU
		{C30B8903-FE69-4A9A-BEDA-8C87CA12C669}.Release|x86.Build.0 = Release|Any CPU
	EndGlobalSection
EndGlobal
